9b2570c2e756652f1f5e2e91bc14c7956f10750cf8e72e9c468ef1ba17b86a01  lib/sakshi.cyr
8f1c066092774c3cc204ae56723b1ddc9d632a8622a5741b1a909a6f18ec30f4  lib/patra.cyr
88edea9fe2fb93818ccdd40d8683529344ee5a7691121d4c4e43174327ac2236  lib/sigil.cyr
a88dafc8134b6da42ad278cc63d2fa6fc62a382c9743e7455657c712384794ab  lib/yukti.cyr
d58157ec5e59f3c9385f15a7c3e0ba6f40c2e9b929af359d6c5054998ebc504f  lib/mabda.cyr
7e2a07edb8276fa248bea8bfd69a2ff559d550c76ff06569f625fa0855fba4d8  lib/sankoch.cyr
eb7208509da48ec08674fa812df205ba2ec12f3a4ef54b3a6c3ec4ba295d1139  lib/agnosys.cyr
