6d2e67cd184fb5b94adaad518b69768706de84fc150d73b0722c630114396876  lib/sakshi.cyr
e86964793993d743703cb9cf60ee42383c874d65bd381f5ba325b999d1198989  lib/patra.cyr
1db504fc0c0bccc89a0e44c99d33a4985f3648e01caca57a0be3163101e94649  lib/sigil.cyr
a28976b84a044a072c37395b67ebbcddbba53e44a6f5b8a013c0c945276c89c4  lib/yukti.cyr
56ad90f7ebf78da62adfbfbb33b1f01b401da7fcf395d6c71f6b9caf8065d68f  lib/mabda.cyr
7aae904849116463fd2eabc54167c1fcbc95d65f8ba39a0673aeea44ec237db5  lib/sankoch.cyr
